{
  "originHash" : "34205c1a7c37c8bed784a40f73d41731232dfc0dbec7f0c1f31f1716ee7275b6",
  "pins" : [
    {
      "identity" : "alamofire",
      "kind" : "remoteSourceControl",
      "location" : "https://github.com/Alamofire/Alamofire.git",
      "state" : {
        "revision" : "513364f870f6bfc468f9d2ff0a95caccc10044c5",
        "version" : "5.10.2"
      }
    },
    {
      "identity" : "swiftcbor",
      "kind" : "remoteSourceControl",
      "location" : "https://github.com/valpackett/SwiftCBOR",
      "state" : {
        "branch" : "master",
        "revision" : "ea5ece79b0efde241495bfaa74eccceeffc382bc"
      }
    },
    {
      "identity" : "yams",
      "kind" : "remoteSourceControl",
      "location" : "https://github.com/jpsim/Yams.git",
      "state" : {
        "revision" : "51b5127c7fb6ffac106ad6d199aaa33c5024895f",
        "version" : "6.2.0"
      }
    }
  ],
  "version" : 3
}
